{
    "_readme": [
        "This file locks the dependencies of your project to a known state",
        "Read more about it at https://getcomposer.org/doc/01-basic-usage.md#composer-lock-the-lock-file",
        "This file is @generated automatically"
    ],
    "hash": "1e216f14105cad03e98ccee54b3ed2ac",
    "packages": [
        {
            "name": "bitpay/php-client",
            "version": "dev-master",
            "source": {
                "type": "git",
                "url": "https://github.com/fedeisas/php-client",
                "reference": "f3f4d92a386d98ca40044f7766b99d82410d1494"
            },
            "require": {
                "ext-curl": "*",
                "php": ">=5.3.3"
            },
            "require-dev": {
                "jakub-onderka/php-console-highlighter": "dev-master",
                "jakub-onderka/php-parallel-lint": "*",
                "mockery/mockery": "0.8.0",
                "phpunit/phpunit": "3.7.27",
                "squizlabs/php_codesniffer": "1.*"
            },
            "type": "library",
            "autoload": {
                "psr-0": {
                    "BitPay\\Tests": "tests/",
                    "BitPay": "src/"
                }
            },
            "description": "BitPay PHP Client",
            "keywords": [
                "bitcoin",
                "bitpay"
            ],
            "time": "2013-12-13 18:22:43"
        },
        {
            "name": "splitice/radical-basic",
            "version": "dev-master",
            "source": {
                "type": "git",
                "url": "https://github.com/splitice/radical-basic.git",
                "reference": "9dbd9212772f1168491413779a945baf3380482b"
            },
            "dist": {
                "type": "zip",
                "url": "https://api.github.com/repos/splitice/radical-basic/zipball/9dbd9212772f1168491413779a945baf3380482b",
                "reference": "9dbd9212772f1168491413779a945baf3380482b",
                "shasum": ""
            },
            "require": {
                "php": ">=5.4",
                "splitice/radical-common": "*"
            },
            "type": "library",
            "autoload": {
                "psr-0": {
                    "Radical": "src"
                }
            },
            "notification-url": "https://packagist.org/downloads/",
            "license": [
                "BSD"
            ],
            "description": "Basic radical-php functionality",
            "keywords": [
                "radical-php"
            ],
            "time": "2014-09-29 08:16:17"
        },
        {
            "name": "splitice/radical-common",
            "version": "dev-master",
            "source": {
                "type": "git",
                "url": "https://github.com/splitice/radical-common.git",
                "reference": "77e5fdea1c2bb4b4eaedf63fea660cbba05c803c"
            },
            "dist": {
                "type": "zip",
                "url": "https://api.github.com/repos/splitice/radical-common/zipball/77e5fdea1c2bb4b4eaedf63fea660cbba05c803c",
                "reference": "77e5fdea1c2bb4b4eaedf63fea660cbba05c803c",
                "shasum": ""
            },
            "require": {
                "php": ">=5.4",
                "symfony/filesystem": "2.4.0"
            },
            "type": "library",
            "autoload": {
                "psr-0": {
                    "Radical": "src"
                }
            },
            "notification-url": "https://packagist.org/downloads/",
            "description": "radical-common",
            "keywords": [
                "radical-php"
            ],
            "time": "2014-11-19 13:20:33"
        },
        {
            "name": "splitice/radical-errorhandling",
            "version": "dev-master",
            "source": {
                "type": "git",
                "url": "https://github.com/splitice/radical-errorhandling.git",
                "reference": "fca7de8160fba7e2414ffedc3c6bc4314dab77ab"
            },
            "dist": {
                "type": "zip",
                "url": "https://api.github.com/repos/splitice/radical-errorhandling/zipball/fca7de8160fba7e2414ffedc3c6bc4314dab77ab",
                "reference": "fca7de8160fba7e2414ffedc3c6bc4314dab77ab",
                "shasum": ""
            },
            "require": {
                "php": ">=5.4",
                "splitice/radical-common": "*"
            },
            "type": "library",
            "autoload": {
                "psr-0": {
                    "Radical": "src"
                }
            },
            "notification-url": "https://packagist.org/downloads/",
            "license": [
                "BSD"
            ],
            "description": "Error Handling for the Radical-PHP framework",
            "keywords": [
                "radical-php"
            ],
            "time": "2014-11-17 05:15:56"
        },
        {
            "name": "splitice/radical-file",
            "version": "dev-master",
            "source": {
                "type": "git",
                "url": "https://github.com/splitice/radical-file.git",
                "reference": "39d1fe3bccfaea2505a7dc9113c101802ba3b748"
            },
            "dist": {
                "type": "zip",
                "url": "https://api.github.com/repos/splitice/radical-file/zipball/39d1fe3bccfaea2505a7dc9113c101802ba3b748",
                "reference": "39d1fe3bccfaea2505a7dc9113c101802ba3b748",
                "shasum": ""
            },
            "require": {
                "php": ">=5.4",
                "splitice/radical-common": "dev-master"
            },
            "type": "library",
            "autoload": {
                "psr-0": {
                    "Radical": "src"
                }
            },
            "notification-url": "https://packagist.org/downloads/",
            "description": "radical-php",
            "keywords": [
                "radical-php"
            ],
            "time": "2014-04-21 02:42:34"
        },
        {
            "name": "splitice/radical-html",
            "version": "dev-master",
            "source": {
                "type": "git",
                "url": "https://github.com/splitice/radical-html.git",
                "reference": "2b19d73397a1738933fb8eaa2c8663ae9eab59d3"
            },
            "dist": {
                "type": "zip",
                "url": "https://api.github.com/repos/splitice/radical-html/zipball/2b19d73397a1738933fb8eaa2c8663ae9eab59d3",
                "reference": "2b19d73397a1738933fb8eaa2c8663ae9eab59d3",
                "shasum": ""
            },
            "require": {
                "php": ">=5.4"
            },
            "type": "library",
            "autoload": {
                "psr-0": {
                    "Radical": "src"
                }
            },
            "notification-url": "https://packagist.org/downloads/",
            "description": "radical-html",
            "keywords": [
                "radical-php"
            ],
            "time": "2014-04-19 02:59:54"
        },
        {
            "name": "splitice/radical-net",
            "version": "dev-master",
            "source": {
                "type": "git",
                "url": "https://github.com/splitice/radical-net.git",
                "reference": "93d2be75d6d3d269c8f9bb14a79acd927144e2c1"
            },
            "dist": {
                "type": "zip",
                "url": "https://api.github.com/repos/splitice/radical-net/zipball/93d2be75d6d3d269c8f9bb14a79acd927144e2c1",
                "reference": "93d2be75d6d3d269c8f9bb14a79acd927144e2c1",
                "shasum": ""
            },
            "require": {
                "php": ">=5.4",
                "splitice/radical-basic": "dev-master",
                "splitice/radical-common": "dev-master"
            },
            "type": "library",
            "autoload": {
                "psr-0": {
                    "Radical": "src"
                }
            },
            "notification-url": "https://packagist.org/downloads/",
            "description": "radical-net",
            "keywords": [
                "radical-php"
            ],
            "time": "2015-03-18 07:30:22"
        },
        {
            "name": "splitice/radical-web",
            "version": "dev-master",
            "source": {
                "type": "git",
                "url": "https://github.com/splitice/radical-web.git",
                "reference": "25bb9b048f89c86f4eb15ef620b2ad4e8522b9be"
            },
            "dist": {
                "type": "zip",
                "url": "https://api.github.com/repos/splitice/radical-web/zipball/25bb9b048f89c86f4eb15ef620b2ad4e8522b9be",
                "reference": "25bb9b048f89c86f4eb15ef620b2ad4e8522b9be",
                "shasum": ""
            },
            "require": {
                "php": ">=5.4",
                "splitice/radical-basic": "dev-master",
                "splitice/radical-common": "dev-master",
                "splitice/radical-errorhandling": "dev-master",
                "splitice/radical-file": "dev-master",
                "splitice/radical-html": "dev-master",
                "splitice/radical-net": "dev-master"
            },
            "type": "library",
            "autoload": {
                "psr-0": {
                    "Radical": "src"
                }
            },
            "notification-url": "https://packagist.org/downloads/",
            "description": "radical-web",
            "keywords": [
                "radical-php"
            ],
            "time": "2015-06-04 00:03:07"
        },
        {
            "name": "symfony/filesystem",
            "version": "v2.4.0",
            "target-dir": "Symfony/Component/Filesystem",
            "source": {
                "type": "git",
                "url": "https://github.com/symfony/Filesystem.git",
                "reference": "79acd777762e81d0f3414ca25a602deeeb48240d"
            },
            "dist": {
                "type": "zip",
                "url": "https://api.github.com/repos/symfony/Filesystem/zipball/79acd777762e81d0f3414ca25a602deeeb48240d",
                "reference": "79acd777762e81d0f3414ca25a602deeeb48240d",
                "shasum": ""
            },
            "require": {
                "php": ">=5.3.3"
            },
            "type": "library",
            "extra": {
                "branch-alias": {
                    "dev-master": "2.4-dev"
                }
            },
            "autoload": {
                "psr-0": {
                    "Symfony\\Component\\Filesystem\\": ""
                }
            },
            "notification-url": "https://packagist.org/downloads/",
            "license": [
                "MIT"
            ],
            "authors": [
                {
                    "name": "Symfony Community",
                    "homepage": "http://symfony.com/contributors"
                },
                {
                    "name": "Fabien Potencier",
                    "email": "fabien@symfony.com"
                }
            ],
            "description": "Symfony Filesystem Component",
            "homepage": "http://symfony.com",
            "time": "2013-11-16 15:13:54"
        }
    ],
    "packages-dev": [],
    "aliases": [],
    "minimum-stability": "dev",
    "stability-flags": {
        "splitice/radical-common": 20,
        "splitice/radical-web": 20,
        "bitpay/php-client": 20
    },
    "prefer-stable": false,
    "prefer-lowest": false,
    "platform": {
        "php": ">=5.4"
    },
    "platform-dev": []
}
